{
  "name": "visual-algorithm",
  "version": "0.0.0",
  "lockfileVersion": 1,
  "requires": true,
  "dependencies": {
    "@babel/helper-validator-identifier": {
      "version": "7.12.11",
      "resolved": "http://npm.zhaopin.com/@babel%2fhelper-validator-identifier/-/helper-validator-identifier-7.12.11.tgz",
      "integrity": "sha1-yaHwIZF9y1zPDU5FPjmQIpgfye0="
    },
    "@babel/parser": {
      "version": "7.13.4",
      "resolved": "http://npm.zhaopin.com/@babel%2fparser/-/parser-7.13.4.tgz",
      "integrity": "sha1-NAIRsNqUo1Gm8Q5jZx+nJzM9E6s="
    },
    "@babel/types": {
      "version": "7.13.0",
      "resolved": "http://npm.zhaopin.com/@babel%2ftypes/-/types-7.13.0.tgz",
      "integrity": "sha1-dEJNKBbwFxtBAPCrNOmjdO/ff4A=",
      "requires": {
        "@babel/helper-validator-identifier": "^7.12.11",
        "lodash": "^4.17.19",
        "to-fast-properties": "^2.0.0"
      }
    },
    "@vitejs/plugin-vue": {
      "version": "1.1.4",
      "resolved": "http://npm.zhaopin.com/@vitejs%2fplugin-vue/-/plugin-vue-1.1.4.tgz",
      "integrity": "sha1-HdOIUZt1Q5t3M2AbVSOMppGGR5Y=",
      "dev": true
    },
    "@vue/compiler-core": {
      "version": "3.0.6",
      "resolved": "http://npm.zhaopin.com/@vue%2fcompiler-core/-/compiler-core-3.0.6.tgz",
      "integrity": "sha1-Jlu+BxGoGrTBNE+ClOIuLQjKFn0=",
      "requires": {
        "@babel/parser": "^7.12.0",
        "@babel/types": "^7.12.0",
        "@vue/shared": "3.0.6",
        "estree-walker": "^2.0.1",
        "source-map": "^0.6.1"
      }
    },
    "@vue/compiler-dom": {
      "version": "3.0.6",
      "resolved": "http://npm.zhaopin.com/@vue%2fcompiler-dom/-/compiler-dom-3.0.6.tgz",
      "integrity": "sha1-+Uw5WTIKElKRW9ArlD+Wp+4/yVE=",
      "requires": {
        "@vue/compiler-core": "3.0.6",
        "@vue/shared": "3.0.6"
      }
    },
    "@vue/compiler-sfc": {
      "version": "3.0.6",
      "resolved": "http://npm.zhaopin.com/@vue%2fcompiler-sfc/-/compiler-sfc-3.0.6.tgz",
      "integrity": "sha1-OUX3OpPVKGh5nx4zKnW7iEmXask=",
      "dev": true,
      "requires": {
        "@babel/parser": "^7.12.0",
        "@babel/types": "^7.12.0",
        "@vue/compiler-core": "3.0.6",
        "@vue/compiler-dom": "3.0.6",
        "@vue/compiler-ssr": "3.0.6",
        "@vue/shared": "3.0.6",
        "consolidate": "^0.16.0",
        "estree-walker": "^2.0.1",
        "hash-sum": "^2.0.0",
        "lru-cache": "^5.1.1",
        "magic-string": "^0.25.7",
        "merge-source-map": "^1.1.0",
        "postcss": "^8.1.10",
        "postcss-modules": "^4.0.0",
        "postcss-selector-parser": "^6.0.4",
        "source-map": "^0.6.1"
      }
    },
    "@vue/compiler-ssr": {
      "version": "3.0.6",
      "resolved": "http://npm.zhaopin.com/@vue%2fcompiler-ssr/-/compiler-ssr-3.0.6.tgz",
      "integrity": "sha1-cVY2HkxGXL7icjJ17cYelAZ45Hw=",
      "dev": true,
      "requires": {
        "@vue/compiler-dom": "3.0.6",
        "@vue/shared": "3.0.6"
      }
    },
    "@vue/reactivity": {
      "version": "3.0.6",
      "resolved": "http://npm.zhaopin.com/@vue%2freactivity/-/reactivity-3.0.6.tgz",
      "integrity": "sha1-exbz1dBMxVAoCF//C7hHXMDjKZE=",
      "requires": {
        "@vue/shared": "3.0.6"
      }
    },
    "@vue/runtime-core": {
      "version": "3.0.6",
      "resolved": "http://npm.zhaopin.com/@vue%2fruntime-core/-/runtime-core-3.0.6.tgz",
      "integrity": "sha1-0Wd5tWZFk/HSW+Z3+xsZaAJKpTI=",
      "requires": {
        "@vue/reactivity": "3.0.6",
        "@vue/shared": "3.0.6"
      }
    },
    "@vue/runtime-dom": {
      "version": "3.0.6",
      "resolved": "http://npm.zhaopin.com/@vue%2fruntime-dom/-/runtime-dom-3.0.6.tgz",
      "integrity": "sha1-59bGGRPYcfHwIKmoG1WMj8vrqMY=",
      "requires": {
        "@vue/runtime-core": "3.0.6",
        "@vue/shared": "3.0.6",
        "csstype": "^2.6.8"
      }
    },
    "@vue/shared": {
      "version": "3.0.6",
      "resolved": "http://npm.zhaopin.com/@vue%2fshared/-/shared-3.0.6.tgz",
      "integrity": "sha1-1lV2Qw/ErTg9x8gpEYeY5RaReNQ="
    },
    "big.js": {
      "version": "5.2.2",
      "resolved": "http://npm.zhaopin.com/big.js/-/big.js-5.2.2.tgz",
      "integrity": "sha1-ZfCvOC9Xi83HQr2cKB6cstd2gyg=",
      "dev": true
    },
    "bluebird": {
      "version": "3.7.2",
      "resolved": "http://npm.zhaopin.com/bluebird/-/bluebird-3.7.2.tgz",
      "integrity": "sha1-nyKcFb4nJFT/qXOs4NvueaGww28=",
      "dev": true
    },
    "colorette": {
      "version": "1.2.2",
      "resolved": "http://npm.zhaopin.com/colorette/-/colorette-1.2.2.tgz",
      "integrity": "sha1-y8x51emcrqLb8Q6zom/Ys+as+pQ=",
      "dev": true
    },
    "consolidate": {
      "version": "0.16.0",
      "resolved": "http://npm.zhaopin.com/consolidate/-/consolidate-0.16.0.tgz",
      "integrity": "sha1-oRhkdokw8vGUMWYKZZBmaPX73BY=",
      "dev": true,
      "requires": {
        "bluebird": "^3.7.2"
      }
    },
    "cssesc": {
      "version": "3.0.0",
      "resolved": "http://npm.zhaopin.com/cssesc/-/cssesc-3.0.0.tgz",
      "integrity": "sha1-N3QZGZA7hoVl4cCep0dEXNGJg+4=",
      "dev": true
    },
    "csstype": {
      "version": "2.6.16",
      "resolved": "http://npm.zhaopin.com/csstype/-/csstype-2.6.16.tgz",
      "integrity": "sha1-VE1p9UcBO4WkDRW/912zjzT+nDk="
    },
    "emojis-list": {
      "version": "3.0.0",
      "resolved": "http://npm.zhaopin.com/emojis-list/-/emojis-list-3.0.0.tgz",
      "integrity": "sha512-/kyM18EfinwXZbno9FyUGeFh87KC8HRQBQGildHZbEuRyWFOmv1U10o9BBp8XVZDVNNuQKyIGIu5ZYAAXJ0V2Q==",
      "dev": true
    },
    "esbuild": {
      "version": "0.8.52",
      "resolved": "http://npm.zhaopin.com/esbuild/-/esbuild-0.8.52.tgz",
      "integrity": "sha1-bavxHFF69EmpbWbaIN/CBO57UpQ=",
      "dev": true
    },
    "estree-walker": {
      "version": "2.0.2",
      "resolved": "http://npm.zhaopin.com/estree-walker/-/estree-walker-2.0.2.tgz",
      "integrity": "sha1-UvAQF4wqTBF6d1fP6UKtt9LaTKw="
    },
    "fsevents": {
      "version": "2.3.2",
      "resolved": "http://npm.zhaopin.com/fsevents/-/fsevents-2.3.2.tgz",
      "integrity": "sha1-ilJveLj99GI7cJ4Ll1xSwkwC/Ro=",
      "dev": true,
      "optional": true
    },
    "function-bind": {
      "version": "1.1.1",
      "resolved": "http://npm.zhaopin.com/function-bind/-/function-bind-1.1.1.tgz",
      "integrity": "sha1-pWiZ0+o8m6uHS7l3O3xe3pL0iV0=",
      "dev": true
    },
    "generic-names": {
      "version": "2.0.1",
      "resolved": "http://npm.zhaopin.com/generic-names/-/generic-names-2.0.1.tgz",
      "integrity": "sha1-+KN46tLMqno08DF7BVVIMq5BuHI=",
      "dev": true,
      "requires": {
        "loader-utils": "^1.1.0"
      }
    },
    "has": {
      "version": "1.0.3",
      "resolved": "http://npm.zhaopin.com/has/-/has-1.0.3.tgz",
      "integrity": "sha1-ci18v8H2qoJB8W3YFOAR4fQeh5Y=",
      "dev": true,
      "requires": {
        "function-bind": "^1.1.1"
      }
    },
    "hash-sum": {
      "version": "2.0.0",
      "resolved": "http://npm.zhaopin.com/hash-sum/-/hash-sum-2.0.0.tgz",
      "integrity": "sha512-WdZTbAByD+pHfl/g9QSsBIIwy8IT+EsPiKDs0KNX+zSHhdDLFKdZu0BQHljvO+0QI/BasbMSUa8wYNCZTvhslg==",
      "dev": true
    },
    "icss-replace-symbols": {
      "version": "1.1.0",
      "resolved": "http://npm.zhaopin.com/icss-replace-symbols/-/icss-replace-symbols-1.1.0.tgz",
      "integrity": "sha1-Bupvg2ead0njhs/h/oEq5dsiPe0=",
      "dev": true
    },
    "icss-utils": {
      "version": "5.1.0",
      "resolved": "http://npm.zhaopin.com/icss-utils/-/icss-utils-5.1.0.tgz",
      "integrity": "sha1-xr5oWKvQE9do6YNmrkfiXViHsa4=",
      "dev": true
    },
    "indexes-of": {
      "version": "1.0.1",
      "resolved": "http://npm.zhaopin.com/indexes-of/-/indexes-of-1.0.1.tgz",
      "integrity": "sha1-8w9xbI4r00bHtn0985FVZqfAVgc=",
      "dev": true
    },
    "is-core-module": {
      "version": "2.2.0",
      "resolved": "http://npm.zhaopin.com/is-core-module/-/is-core-module-2.2.0.tgz",
      "integrity": "sha1-lwN+89UiJNhRY/VZeytj2a/tmBo=",
      "dev": true,
      "requires": {
        "has": "^1.0.3"
      }
    },
    "json5": {
      "version": "1.0.1",
      "resolved": "http://npm.zhaopin.com/json5/-/json5-1.0.1.tgz",
      "integrity": "sha1-d5+wAYYE+oVOrL9iUhgNg1Q+Pb4=",
      "dev": true,
      "requires": {
        "minimist": "^1.2.0"
      }
    },
    "loader-utils": {
      "version": "1.4.0",
      "resolved": "http://npm.zhaopin.com/loader-utils/-/loader-utils-1.4.0.tgz",
      "integrity": "sha1-xXm140yzSxp07cbB+za/o3HVphM=",
      "dev": true,
      "requires": {
        "big.js": "^5.2.2",
        "emojis-list": "^3.0.0",
        "json5": "^1.0.1"
      }
    },
    "lodash": {
      "version": "4.17.21",
      "resolved": "http://npm.zhaopin.com/lodash/-/lodash-4.17.21.tgz",
      "integrity": "sha1-Z5WRxWTDv/quhFTPCz3zcMPWkRw="
    },
    "lodash.camelcase": {
      "version": "4.3.0",
      "resolved": "http://npm.zhaopin.com/lodash.camelcase/-/lodash.camelcase-4.3.0.tgz",
      "integrity": "sha1-soqmKIorn8ZRA1x3EfZathkDMaY=",
      "dev": true
    },
    "lru-cache": {
      "version": "5.1.1",
      "resolved": "http://npm.zhaopin.com/lru-cache/-/lru-cache-5.1.1.tgz",
      "integrity": "sha1-HaJ+ZxAnGUdpXa9oSOhH8B2EuSA=",
      "dev": true,
      "requires": {
        "yallist": "^3.0.2"
      }
    },
    "magic-string": {
      "version": "0.25.7",
      "resolved": "http://npm.zhaopin.com/magic-string/-/magic-string-0.25.7.tgz",
      "integrity": "sha1-P0l9b9NMZpxnmNy4IfLvMfVEUFE=",
      "dev": true,
      "requires": {
        "sourcemap-codec": "^1.4.4"
      }
    },
    "merge-source-map": {
      "version": "1.1.0",
      "resolved": "http://npm.zhaopin.com/merge-source-map/-/merge-source-map-1.1.0.tgz",
      "integrity": "sha1-L93n5gIJOfcJBqaPLXrmheTIxkY=",
      "dev": true,
      "requires": {
        "source-map": "^0.6.1"
      }
    },
    "minimist": {
      "version": "1.2.5",
      "resolved": "http://npm.zhaopin.com/minimist/-/minimist-1.2.5.tgz",
      "integrity": "sha1-Z9ZgFLZqaoqqDAg8X9WN9OTpdgI=",
      "dev": true
    },
    "nanoid": {
      "version": "3.1.20",
      "resolved": "http://npm.zhaopin.com/nanoid/-/nanoid-3.1.20.tgz",
      "integrity": "sha1-utwmPGsdzxS3HvqoX2q0wdbPx4g=",
      "dev": true
    },
    "path-parse": {
      "version": "1.0.6",
      "resolved": "http://npm.zhaopin.com/path-parse/-/path-parse-1.0.6.tgz",
      "integrity": "sha1-1i27VnlAXXLEc37FhgDp3c8G0kw=",
      "dev": true
    },
    "postcss": {
      "version": "8.2.6",
      "resolved": "http://npm.zhaopin.com/postcss/-/postcss-8.2.6.tgz",
      "integrity": "sha1-XWmpdFQ7Rfh+RkvEw+OSqX1r6f4=",
      "dev": true,
      "requires": {
        "colorette": "^1.2.1",
        "nanoid": "^3.1.20",
        "source-map": "^0.6.1"
      }
    },
    "postcss-modules": {
      "version": "4.0.0",
      "resolved": "http://npm.zhaopin.com/postcss-modules/-/postcss-modules-4.0.0.tgz",
      "integrity": "sha1-K8fydquI8/Gw+t9svXdy1DtfO5s=",
      "dev": true,
      "requires": {
        "generic-names": "^2.0.1",
        "icss-replace-symbols": "^1.1.0",
        "lodash.camelcase": "^4.3.0",
        "postcss-modules-extract-imports": "^3.0.0",
        "postcss-modules-local-by-default": "^4.0.0",
        "postcss-modules-scope": "^3.0.0",
        "postcss-modules-values": "^4.0.0",
        "string-hash": "^1.1.1"
      }
    },
    "postcss-modules-extract-imports": {
      "version": "3.0.0",
      "resolved": "http://npm.zhaopin.com/postcss-modules-extract-imports/-/postcss-modules-extract-imports-3.0.0.tgz",
      "integrity": "sha1-zaHwR8CugMl9vijD52pDuIAldB0=",
      "dev": true
    },
    "postcss-modules-local-by-default": {
      "version": "4.0.0",
      "resolved": "http://npm.zhaopin.com/postcss-modules-local-by-default/-/postcss-modules-local-by-default-4.0.0.tgz",
      "integrity": "sha1-67tU+uFZjuz99pGgKz/zs5ClpRw=",
      "dev": true,
      "requires": {
        "icss-utils": "^5.0.0",
        "postcss-selector-parser": "^6.0.2",
        "postcss-value-parser": "^4.1.0"
      }
    },
    "postcss-modules-scope": {
      "version": "3.0.0",
      "resolved": "http://npm.zhaopin.com/postcss-modules-scope/-/postcss-modules-scope-3.0.0.tgz",
      "integrity": "sha1-nvMVFFbTu/oSDKRImN/Kby+gHwY=",
      "dev": true,
      "requires": {
        "postcss-selector-parser": "^6.0.4"
      }
    },
    "postcss-modules-values": {
      "version": "4.0.0",
      "resolved": "http://npm.zhaopin.com/postcss-modules-values/-/postcss-modules-values-4.0.0.tgz",
      "integrity": "sha1-18Xn5ow7s8myfL9Iyguz/7RgLJw=",
      "dev": true,
      "requires": {
        "icss-utils": "^5.0.0"
      }
    },
    "postcss-selector-parser": {
      "version": "6.0.4",
      "resolved": "http://npm.zhaopin.com/postcss-selector-parser/-/postcss-selector-parser-6.0.4.tgz",
      "integrity": "sha1-VgdaE4CgRgTDiwY+p3Z6Epr1wrM=",
      "dev": true,
      "requires": {
        "cssesc": "^3.0.0",
        "indexes-of": "^1.0.1",
        "uniq": "^1.0.1",
        "util-deprecate": "^1.0.2"
      }
    },
    "postcss-value-parser": {
      "version": "4.1.0",
      "resolved": "http://npm.zhaopin.com/postcss-value-parser/-/postcss-value-parser-4.1.0.tgz",
      "integrity": "sha1-RD9qIM7WSBor2k+oUypuVdeJoss=",
      "dev": true
    },
    "resolve": {
      "version": "1.20.0",
      "resolved": "http://npm.zhaopin.com/resolve/-/resolve-1.20.0.tgz",
      "integrity": "sha1-YpoBP7P3B1XW8LeTXMHCxTeLGXU=",
      "dev": true,
      "requires": {
        "is-core-module": "^2.2.0",
        "path-parse": "^1.0.6"
      }
    },
    "rollup": {
      "version": "2.39.1",
      "resolved": "http://npm.zhaopin.com/rollup/-/rollup-2.39.1.tgz",
      "integrity": "sha1-ev1M79ijMsUQKoBj0wH94fMakXM=",
      "dev": true,
      "requires": {
        "fsevents": "~2.3.1"
      }
    },
    "source-map": {
      "version": "0.6.1",
      "resolved": "http://npm.zhaopin.com/source-map/-/source-map-0.6.1.tgz",
      "integrity": "sha1-dHIq8y6WFOnCh6jQu95IteLxomM="
    },
    "sourcemap-codec": {
      "version": "1.4.8",
      "resolved": "http://npm.zhaopin.com/sourcemap-codec/-/sourcemap-codec-1.4.8.tgz",
      "integrity": "sha1-6oBL2UhXQC5pktBaOO8a41qatMQ=",
      "dev": true
    },
    "string-hash": {
      "version": "1.1.3",
      "resolved": "http://npm.zhaopin.com/string-hash/-/string-hash-1.1.3.tgz",
      "integrity": "sha1-6Kr8CsGFW0Zmkp7X3RJ1311sgRs=",
      "dev": true
    },
    "to-fast-properties": {
      "version": "2.0.0",
      "resolved": "http://npm.zhaopin.com/to-fast-properties/-/to-fast-properties-2.0.0.tgz",
      "integrity": "sha1-3F5pjL0HkmW8c+A3doGk5Og/YW4="
    },
    "uniq": {
      "version": "1.0.1",
      "resolved": "http://npm.zhaopin.com/uniq/-/uniq-1.0.1.tgz",
      "integrity": "sha1-sxxa6CVIRKOoKBVBzisEuGWnNP8=",
      "dev": true
    },
    "util-deprecate": {
      "version": "1.0.2",
      "resolved": "http://npm.zhaopin.com/util-deprecate/-/util-deprecate-1.0.2.tgz",
      "integrity": "sha1-RQ1Nyfpw3nMnYvvS1KKJgUGaDM8=",
      "dev": true
    },
    "vite": {
      "version": "2.0.3",
      "resolved": "http://npm.zhaopin.com/vite/-/vite-2.0.3.tgz",
      "integrity": "sha1-6gMpKV1NqTQeZwA25efwv6MK4s8=",
      "dev": true,
      "requires": {
        "esbuild": "^0.8.47",
        "fsevents": "~2.3.1",
        "postcss": "^8.2.1",
        "resolve": "^1.19.0",
        "rollup": "^2.38.5"
      }
    },
    "vue": {
      "version": "3.0.6",
      "resolved": "http://npm.zhaopin.com/vue/-/vue-3.0.6.tgz",
      "integrity": "sha1-LBbtS7ZvFtbG9uqjt9WDWnZZgEk=",
      "requires": {
        "@vue/compiler-dom": "3.0.6",
        "@vue/runtime-dom": "3.0.6",
        "@vue/shared": "3.0.6"
      }
    },
    "yallist": {
      "version": "3.1.1",
      "resolved": "http://npm.zhaopin.com/yallist/-/yallist-3.1.1.tgz",
      "integrity": "sha1-27fa+b/YusmrRev2ArjLrQ1dCP0=",
      "dev": true
    }
  }
}
